
Microsoft Visual Studio Solution File, Format Version 12.00
# Visual Studio Version 17
VisualStudioVersion = 17.8.34330.188
MinimumVisualStudioVersion = 10.0.40219.1
Project("{FAE04EC0-301F-11D3-BF4B-00C04F79EFBC}") = "ProductBridge", "ProductBridge.csproj", "{B1B2194E-3C01-4F20-8F5D-9599385B5129}"
EndProject
Global
	GlobalSection(SolutionConfigurationPlatforms) = preSolution
		Debug|Any CPU = Debug|Any CPU
		Release|Any CPU = Release|Any CPU
	EndGlobalSection
	GlobalSection(ProjectConfigurationPlatforms) = postSolution
		{B1B2194E-3C01-4F20-8F5D-9599385B5129}.Debug|Any CPU.ActiveCfg = Debug|Any CPU
		{B1B2194E-3C01-4F20-8F5D-9599385B5129}.Debug|Any CPU.Build.0 = Debug|Any CPU
		{B1B2194E-3C01-4F20-8F5D-9599385B5129}.Release|Any CPU.ActiveCfg = Release|Any CPU
		{B1B2194E-3C01-4F20-8F5D-9599385B5129}.Release|Any CPU.Build.0 = Release|Any CPU
	EndGlobalSection
	GlobalSection(SolutionProperties) = preSolution
		HideSolutionNode = FALSE
	EndGlobalSection
	GlobalSection(ExtensibilityGlobals) = postSolution
		SolutionGuid = {E3FD7B2A-EE10-4962-B1FC-70F520C386E9}
	EndGlobalSection
EndGlobal
